
Microsoft Visual Studio Solution File, Format Version 12.00
# Visual Studio Version 17
VisualStudioVersion = 17.0.31903.59
MinimumVisualStudioVersion = 10.0.40219.1
Project("{FAE04EC0-301F-11D3-BF4B-00C04F79EFBC}") = "Projeto01", "Projeto01\Projeto01.csproj", "{BCEDCC74-362E-49ED-8491-FA6730999C7A}"
EndProject
Global
	GlobalSection(SolutionConfigurationPlatforms) = preSolution
		Debug|Any CPU = Debug|Any CPU
		Release|Any CPU = Release|Any CPU
	EndGlobalSection
	GlobalSection(ProjectConfigurationPlatforms) = postSolution
		{BCEDCC74-362E-49ED-8491-FA6730999C7A}.Debug|Any CPU.ActiveCfg = Debug|Any CPU
		{BCEDCC74-362E-49ED-8491-FA6730999C7A}.Debug|Any CPU.Build.0 = Debug|Any CPU
		{BCEDCC74-362E-49ED-8491-FA6730999C7A}.Release|Any CPU.ActiveCfg = Release|Any CPU
		{BCEDCC74-362E-49ED-8491-FA6730999C7A}.Release|Any CPU.Build.0 = Release|Any CPU
	EndGlobalSection
	GlobalSection(SolutionProperties) = preSolution
		HideSolutionNode = FALSE
	EndGlobalSection
	GlobalSection(ExtensibilityGlobals) = postSolution
		SolutionGuid = {BA278BEF-5251-40AB-8DC8-7A44073B03EE}
	EndGlobalSection
EndGlobal
